
Microsoft Visual Studio Solution File, Format Version 12.00
# Visual Studio Version 17
VisualStudioVersion = 17.12.35527.113
MinimumVisualStudioVersion = 10.0.40219.1
Project("{FAE04EC0-301F-11D3-BF4B-00C04F79EFBC}") = "Web-API-CRUD", "Web-API-CRUD.csproj", "{45024F3C-55E7-4E41-971C-9F4F951E3C49}"
EndProject
Project("{FAE04EC0-301F-11D3-BF4B-00C04F79EFBC}") = "BlazorApp", "..\BlazorApp\BlazorApp.csproj", "{BAA37B2A-3C39-4FB9-9C1D-321AE9531C4A}"
EndProject
Global
	GlobalSection(SolutionConfigurationPlatforms) = preSolution
		Debug|Any CPU = Debug|Any CPU
		Release|Any CPU = Release|Any CPU
	EndGlobalSection
	GlobalSection(ProjectConfigurationPlatforms) = postSolution
		{45024F3C-55E7-4E41-971C-9F4F951E3C49}.Debug|Any CPU.ActiveCfg = Debug|Any CPU
		{45024F3C-55E7-4E41-971C-9F4F951E3C49}.Debug|Any CPU.Build.0 = Debug|Any CPU
		{45024F3C-55E7-4E41-971C-9F4F951E3C49}.Release|Any CPU.ActiveCfg = Release|Any CPU
		{45024F3C-55E7-4E41-971C-9F4F951E3C49}.Release|Any CPU.Build.0 = Release|Any CPU
		{BAA37B2A-3C39-4FB9-9C1D-321AE9531C4A}.Debug|Any CPU.ActiveCfg = Debug|Any CPU
		{BAA37B2A-3C39-4FB9-9C1D-321AE9531C4A}.Debug|Any CPU.Build.0 = Debug|Any CPU
		{BAA37B2A-3C39-4FB9-9C1D-321AE9531C4A}.Release|Any CPU.ActiveCfg = Release|Any CPU
		{BAA37B2A-3C39-4FB9-9C1D-321AE9531C4A}.Release|Any CPU.Build.0 = Release|Any CPU
	EndGlobalSection
	GlobalSection(SolutionProperties) = preSolution
		HideSolutionNode = FALSE
	EndGlobalSection
EndGlobal
